
Microsoft Visual Studio Solution File, Format Version 12.00
# Visual Studio Version 17
VisualStudioVersion = 17.3.32819.101
MinimumVisualStudioVersion = 10.0.40219.1
Project("{FAE04EC0-301F-11D3-BF4B-00C04F79EFBC}") = "OOPReview1", "OOPReview1\OOPReview1.csproj", "{C5867425-B20D-4152-96EC-40E9CF52064E}"
EndProject
Global
	GlobalSection(SolutionConfigurationPlatforms) = preSolution
		Debug|Any CPU = Debug|Any CPU
		Release|Any CPU = Release|Any CPU
	EndGlobalSection
	GlobalSection(ProjectConfigurationPlatforms) = postSolution
		{C5867425-B20D-4152-96EC-40E9CF52064E}.Debug|Any CPU.ActiveCfg = Debug|Any CPU
		{C5867425-B20D-4152-96EC-40E9CF52064E}.Debug|Any CPU.Build.0 = Debug|Any CPU
		{C5867425-B20D-4152-96EC-40E9CF52064E}.Release|Any CPU.ActiveCfg = Release|Any CPU
		{C5867425-B20D-4152-96EC-40E9CF52064E}.Release|Any CPU.Build.0 = Release|Any CPU
	EndGlobalSection
	GlobalSection(SolutionProperties) = preSolution
		HideSolutionNode = FALSE
	EndGlobalSection
	GlobalSection(ExtensibilityGlobals) = postSolution
		SolutionGuid = {7FA6A4EA-A701-4D02-A56A-4C72AB4B8A62}
	EndGlobalSection
EndGlobal
