
Microsoft Visual Studio Solution File, Format Version 12.00
# Visual Studio Version 17
VisualStudioVersion = 17.3.32825.248
MinimumVisualStudioVersion = 10.0.40219.1
Project("{9A19103F-16F7-4668-BE54-9A1E7A4F7556}") = "WestwindWebApp", "WestwindWebApp\WestwindWebApp.csproj", "{BDC7D704-DB8E-47FF-8B0C-3AF97E27F5C3}"
EndProject
Project("{FAE04EC0-301F-11D3-BF4B-00C04F79EFBC}") = "WestwindSystem", "WestwindSystem\WestwindSystem.csproj", "{9AEB01F6-D291-4A4C-A753-A6D81FD3FA59}"
EndProject
Global
	GlobalSection(SolutionConfigurationPlatforms) = preSolution
		Debug|Any CPU = Debug|Any CPU
		Release|Any CPU = Release|Any CPU
	EndGlobalSection
	GlobalSection(ProjectConfigurationPlatforms) = postSolution
		{BDC7D704-DB8E-47FF-8B0C-3AF97E27F5C3}.Debug|Any CPU.ActiveCfg = Debug|Any CPU
		{BDC7D704-DB8E-47FF-8B0C-3AF97E27F5C3}.Debug|Any CPU.Build.0 = Debug|Any CPU
		{BDC7D704-DB8E-47FF-8B0C-3AF97E27F5C3}.Release|Any CPU.ActiveCfg = Release|Any CPU
		{BDC7D704-DB8E-47FF-8B0C-3AF97E27F5C3}.Release|Any CPU.Build.0 = Release|Any CPU
		{9AEB01F6-D291-4A4C-A753-A6D81FD3FA59}.Debug|Any CPU.ActiveCfg = Debug|Any CPU
		{9AEB01F6-D291-4A4C-A753-A6D81FD3FA59}.Debug|Any CPU.Build.0 = Debug|Any CPU
		{9AEB01F6-D291-4A4C-A753-A6D81FD3FA59}.Release|Any CPU.ActiveCfg = Release|Any CPU
		{9AEB01F6-D291-4A4C-A753-A6D81FD3FA59}.Release|Any CPU.Build.0 = Release|Any CPU
	EndGlobalSection
	GlobalSection(SolutionProperties) = preSolution
		HideSolutionNode = FALSE
	EndGlobalSection
	GlobalSection(ExtensibilityGlobals) = postSolution
		SolutionGuid = {4313E85D-58A6-4C20-9FB2-77123E68FC84}
	EndGlobalSection
EndGlobal
