
Microsoft Visual Studio Solution File, Format Version 12.00
# Visual Studio Version 17
VisualStudioVersion = 17.3.32825.248
MinimumVisualStudioVersion = 10.0.40219.1
Project("{9A19103F-16F7-4668-BE54-9A1E7A4F7556}") = "NhlSystem", "NhlSystem\NhlSystem.csproj", "{718E86EF-C072-4BC9-B739-D540441B9B99}"
EndProject
Project("{FAE04EC0-301F-11D3-BF4B-00C04F79EFBC}") = "TestNhlSystem", "TestNhlSystem\TestNhlSystem.csproj", "{00CFD535-0AEE-46CE-A3AD-F10445A2440D}"
EndProject
Global
	GlobalSection(SolutionConfigurationPlatforms) = preSolution
		Debug|Any CPU = Debug|Any CPU
		Release|Any CPU = Release|Any CPU
	EndGlobalSection
	GlobalSection(ProjectConfigurationPlatforms) = postSolution
		{718E86EF-C072-4BC9-B739-D540441B9B99}.Debug|Any CPU.ActiveCfg = Debug|Any CPU
		{718E86EF-C072-4BC9-B739-D540441B9B99}.Debug|Any CPU.Build.0 = Debug|Any CPU
		{718E86EF-C072-4BC9-B739-D540441B9B99}.Release|Any CPU.ActiveCfg = Release|Any CPU
		{718E86EF-C072-4BC9-B739-D540441B9B99}.Release|Any CPU.Build.0 = Release|Any CPU
		{00CFD535-0AEE-46CE-A3AD-F10445A2440D}.Debug|Any CPU.ActiveCfg = Debug|Any CPU
		{00CFD535-0AEE-46CE-A3AD-F10445A2440D}.Debug|Any CPU.Build.0 = Debug|Any CPU
		{00CFD535-0AEE-46CE-A3AD-F10445A2440D}.Release|Any CPU.ActiveCfg = Release|Any CPU
		{00CFD535-0AEE-46CE-A3AD-F10445A2440D}.Release|Any CPU.Build.0 = Release|Any CPU
	EndGlobalSection
	GlobalSection(SolutionProperties) = preSolution
		HideSolutionNode = FALSE
	EndGlobalSection
	GlobalSection(ExtensibilityGlobals) = postSolution
		SolutionGuid = {217E3E45-D30D-4D9A-B8B9-83693D5A7B7A}
	EndGlobalSection
EndGlobal
